
Microsoft Visual Studio Solution File, Format Version 12.00
# Visual Studio Version 16
VisualStudioVersion = 16.0.29411.108
MinimumVisualStudioVersion = 10.0.40219.1
Project("{FAE04EC0-301F-11D3-BF4B-00C04F79EFBC}") = "RaceMe.Android", "RaceMe\RaceMe.Android\RaceMe.Android.csproj", "{0FAFF985-92C4-4CBD-ABB8-9CF8B2385144}"
EndProject
Project("{FAE04EC0-301F-11D3-BF4B-00C04F79EFBC}") = "RaceMe.iOS", "RaceMe\RaceMe.iOS\RaceMe.iOS.csproj", "{2DA22B22-00F2-4342-93B0-47B839446E15}"
EndProject
Project("{FAE04EC0-301F-11D3-BF4B-00C04F79EFBC}") = "RaceMe", "RaceMe\RaceMe\RaceMe.csproj", "{B3B9DF9C-9520-45F1-8F9A-4EF22DE6F18A}"
EndProject
Global
	GlobalSection(SolutionConfigurationPlatforms) = preSolution
		Debug|Any CPU = Debug|Any CPU
		Debug|iPhone = Debug|iPhone
		Debug|iPhoneSimulator = Debug|iPhoneSimulator
		Release|Any CPU = Release|Any CPU
		Release|iPhone = Release|iPhone
		Release|iPhoneSimulator = Release|iPhoneSimulator
	EndGlobalSection
	GlobalSection(ProjectConfigurationPlatforms) = postSolution
		{0FAFF985-92C4-4CBD-ABB8-9CF8B2385144}.Debug|Any CPU.ActiveCfg = Debug|Any CPU
		{0FAFF985-92C4-4CBD-ABB8-9CF8B2385144}.Debug|Any CPU.Build.0 = Debug|Any CPU
		{0FAFF985-92C4-4CBD-ABB8-9CF8B2385144}.Debug|Any CPU.Deploy.0 = Debug|Any CPU
		{0FAFF985-92C4-4CBD-ABB8-9CF8B2385144}.Debug|iPhone.ActiveCfg = Debug|Any CPU
		{0FAFF985-92C4-4CBD-ABB8-9CF8B2385144}.Debug|iPhone.Build.0 = Debug|Any CPU
		{0FAFF985-92C4-4CBD-ABB8-9CF8B2385144}.Debug|iPhone.Deploy.0 = Debug|Any CPU
		{0FAFF985-92C4-4CBD-ABB8-9CF8B2385144}.Debug|iPhoneSimulator.ActiveCfg = Debug|Any CPU
		{0FAFF985-92C4-4CBD-ABB8-9CF8B2385144}.Debug|iPhoneSimulator.Build.0 = Debug|Any CPU
		{0FAFF985-92C4-4CBD-ABB8-9CF8B2385144}.Debug|iPhoneSimulator.Deploy.0 = Debug|Any CPU
		{0FAFF985-92C4-4CBD-ABB8-9CF8B2385144}.Release|Any CPU.ActiveCfg = Release|Any CPU
		{0FAFF985-92C4-4CBD-ABB8-9CF8B2385144}.Release|Any CPU.Build.0 = Release|Any CPU
		{0FAFF985-92C4-4CBD-ABB8-9CF8B2385144}.Release|Any CPU.Deploy.0 = Release|Any CPU
		{0FAFF985-92C4-4CBD-ABB8-9CF8B2385144}.Release|iPhone.ActiveCfg = Release|Any CPU
		{0FAFF985-92C4-4CBD-ABB8-9CF8B2385144}.Release|iPhone.Build.0 = Release|Any CPU
		{0FAFF985-92C4-4CBD-ABB8-9CF8B2385144}.Release|iPhone.Deploy.0 = Release|Any CPU
		{0FAFF985-92C4-4CBD-ABB8-9CF8B2385144}.Release|iPhoneSimulator.ActiveCfg = Release|Any CPU
		{0FAFF985-92C4-4CBD-ABB8-9CF8B2385144}.Release|iPhoneSimulator.Build.0 = Release|Any CPU
		{0FAFF985-92C4-4CBD-ABB8-9CF8B2385144}.Release|iPhoneSimulator.Deploy.0 = Release|Any CPU
		{2DA22B22-00F2-4342-93B0-47B839446E15}.Debug|Any CPU.ActiveCfg = Debug|iPhoneSimulator
		{2DA22B22-00F2-4342-93B0-47B839446E15}.Debug|Any CPU.Build.0 = Debug|iPhoneSimulator
		{2DA22B22-00F2-4342-93B0-47B839446E15}.Debug|Any CPU.Deploy.0 = Debug|iPhoneSimulator
		{2DA22B22-00F2-4342-93B0-47B839446E15}.Debug|iPhone.ActiveCfg = Debug|iPhone
		{2DA22B22-00F2-4342-93B0-47B839446E15}.Debug|iPhone.Build.0 = Debug|iPhone
		{2DA22B22-00F2-4342-93B0-47B839446E15}.Debug|iPhone.Deploy.0 = Debug|iPhone
		{2DA22B22-00F2-4342-93B0-47B839446E15}.Debug|iPhoneSimulator.ActiveCfg = Debug|iPhoneSimulator
		{2DA22B22-00F2-4342-93B0-47B839446E15}.Debug|iPhoneSimulator.Build.0 = Debug|iPhoneSimulator
		{2DA22B22-00F2-4342-93B0-47B839446E15}.Debug|iPhoneSimulator.Deploy.0 = Debug|iPhoneSimulator
		{2DA22B22-00F2-4342-93B0-47B839446E15}.Release|Any CPU.ActiveCfg = Release|iPhone
		{2DA22B22-00F2-4342-93B0-47B839446E15}.Release|Any CPU.Build.0 = Release|iPhone
		{2DA22B22-00F2-4342-93B0-47B839446E15}.Release|Any CPU.Deploy.0 = Release|iPhone
		{2DA22B22-00F2-4342-93B0-47B839446E15}.Release|iPhone.ActiveCfg = Release|iPhone
		{2DA22B22-00F2-4342-93B0-47B839446E15}.Release|iPhone.Build.0 = Release|iPhone
		{2DA22B22-00F2-4342-93B0-47B839446E15}.Release|iPhone.Deploy.0 = Release|iPhone
		{2DA22B22-00F2-4342-93B0-47B839446E15}.Release|iPhoneSimulator.ActiveCfg = Release|iPhoneSimulator
		{2DA22B22-00F2-4342-93B0-47B839446E15}.Release|iPhoneSimulator.Build.0 = Release|iPhoneSimulator
		{2DA22B22-00F2-4342-93B0-47B839446E15}.Release|iPhoneSimulator.Deploy.0 = Release|iPhoneSimulator
		{B3B9DF9C-9520-45F1-8F9A-4EF22DE6F18A}.Debug|Any CPU.ActiveCfg = Debug|Any CPU
		{B3B9DF9C-9520-45F1-8F9A-4EF22DE6F18A}.Debug|Any CPU.Build.0 = Debug|Any CPU
		{B3B9DF9C-9520-45F1-8F9A-4EF22DE6F18A}.Debug|Any CPU.Deploy.0 = Debug|Any CPU
		{B3B9DF9C-9520-45F1-8F9A-4EF22DE6F18A}.Debug|iPhone.ActiveCfg = Debug|Any CPU
		{B3B9DF9C-9520-45F1-8F9A-4EF22DE6F18A}.Debug|iPhone.Build.0 = Debug|Any CPU
		{B3B9DF9C-9520-45F1-8F9A-4EF22DE6F18A}.Debug|iPhone.Deploy.0 = Debug|Any CPU
		{B3B9DF9C-9520-45F1-8F9A-4EF22DE6F18A}.Debug|iPhoneSimulator.ActiveCfg = Debug|Any CPU
		{B3B9DF9C-9520-45F1-8F9A-4EF22DE6F18A}.Debug|iPhoneSimulator.Build.0 = Debug|Any CPU
		{B3B9DF9C-9520-45F1-8F9A-4EF22DE6F18A}.Debug|iPhoneSimulator.Deploy.0 = Debug|Any CPU
		{B3B9DF9C-9520-45F1-8F9A-4EF22DE6F18A}.Release|Any CPU.ActiveCfg = Release|Any CPU
		{B3B9DF9C-9520-45F1-8F9A-4EF22DE6F18A}.Release|Any CPU.Build.0 = Release|Any CPU
		{B3B9DF9C-9520-45F1-8F9A-4EF22DE6F18A}.Release|Any CPU.Deploy.0 = Release|Any CPU
		{B3B9DF9C-9520-45F1-8F9A-4EF22DE6F18A}.Release|iPhone.ActiveCfg = Release|Any CPU
		{B3B9DF9C-9520-45F1-8F9A-4EF22DE6F18A}.Release|iPhone.Build.0 = Release|Any CPU
		{B3B9DF9C-9520-45F1-8F9A-4EF22DE6F18A}.Release|iPhone.Deploy.0 = Release|Any CPU
		{B3B9DF9C-9520-45F1-8F9A-4EF22DE6F18A}.Release|iPhoneSimulator.ActiveCfg = Release|Any CPU
		{B3B9DF9C-9520-45F1-8F9A-4EF22DE6F18A}.Release|iPhoneSimulator.Build.0 = Release|Any CPU
		{B3B9DF9C-9520-45F1-8F9A-4EF22DE6F18A}.Release|iPhoneSimulator.Deploy.0 = Release|Any CPU
	EndGlobalSection
	GlobalSection(SolutionProperties) = preSolution
		HideSolutionNode = FALSE
	EndGlobalSection
	GlobalSection(ExtensibilityGlobals) = postSolution
		SolutionGuid = {8EBAC571-D48C-4CFF-8692-8177D0A07240}
	EndGlobalSection
EndGlobal
